
Microsoft Visual Studio Solution File, Format Version 12.00
# Visual Studio Version 17
VisualStudioVersion = 17.5.33502.453
MinimumVisualStudioVersion = 10.0.40219.1
Project("{FAE04EC0-301F-11D3-BF4B-00C04F79EFBC}") = "WindowsFormsApp_NET_Framework", "WindowsFormsApp_NET_Framework\WindowsFormsApp_NET_Framework.csproj", "{FEAD59C1-99AE-44DF-8104-3DB06A88ACE8}"
EndProject
Global
	GlobalSection(SolutionConfigurationPlatforms) = preSolution
		Debug|Any CPU = Debug|Any CPU
		Release|Any CPU = Release|Any CPU
	EndGlobalSection
	GlobalSection(ProjectConfigurationPlatforms) = postSolution
		{FEAD59C1-99AE-44DF-8104-3DB06A88ACE8}.Debug|Any CPU.ActiveCfg = Debug|Any CPU
		{FEAD59C1-99AE-44DF-8104-3DB06A88ACE8}.Debug|Any CPU.Build.0 = Debug|Any CPU
		{FEAD59C1-99AE-44DF-8104-3DB06A88ACE8}.Release|Any CPU.ActiveCfg = Release|Any CPU
		{FEAD59C1-99AE-44DF-8104-3DB06A88ACE8}.Release|Any CPU.Build.0 = Release|Any CPU
	EndGlobalSection
	GlobalSection(SolutionProperties) = preSolution
		HideSolutionNode = FALSE
	EndGlobalSection
	GlobalSection(ExtensibilityGlobals) = postSolution
		SolutionGuid = {23CC495C-DF2F-46FF-A3E9-1BD18E45666A}
	EndGlobalSection
EndGlobal
